
Microsoft Visual Studio Solution File, Format Version 12.00
# Visual Studio Version 17
VisualStudioVersion = 17.3.32929.385
MinimumVisualStudioVersion = 10.0.40219.1
Project("{FAE04EC0-301F-11D3-BF4B-00C04F79EFBC}") = "CNPM", "CNPM\CNPM.csproj", "{678D2832-73A8-4A20-98AB-FF2AD2414368}"
EndProject
Global
	GlobalSection(SolutionConfigurationPlatforms) = preSolution
		Debug|Any CPU = Debug|Any CPU
		Release|Any CPU = Release|Any CPU
	EndGlobalSection
	GlobalSection(ProjectConfigurationPlatforms) = postSolution
		{678D2832-73A8-4A20-98AB-FF2AD2414368}.Debug|Any CPU.ActiveCfg = Debug|Any CPU
		{678D2832-73A8-4A20-98AB-FF2AD2414368}.Debug|Any CPU.Build.0 = Debug|Any CPU
		{678D2832-73A8-4A20-98AB-FF2AD2414368}.Release|Any CPU.ActiveCfg = Release|Any CPU
		{678D2832-73A8-4A20-98AB-FF2AD2414368}.Release|Any CPU.Build.0 = Release|Any CPU
	EndGlobalSection
	GlobalSection(SolutionProperties) = preSolution
		HideSolutionNode = FALSE
	EndGlobalSection
	GlobalSection(ExtensibilityGlobals) = postSolution
		SolutionGuid = {3A5BAA25-FBEC-4CD1-B52A-FACDF6730377}
	EndGlobalSection
EndGlobal
